
Microsoft Visual Studio Solution File, Format Version 12.00
# Visual Studio 15
VisualStudioVersion = 15.0.26403.7
MinimumVisualStudioVersion = 10.0.40219.1
Project("{2150E333-8FDC-42A3-9474-1A3956D46DE8}") = "Solution Items", "Solution Items", "{B520C700-7D45-4D82-BFB5-218FA68CF5CF}"
	ProjectSection(SolutionItems) = preProject
		global.json = global.json
		NuGet.Config = NuGet.Config
	EndProjectSection
EndProject
Project("{9A19103F-16F7-4668-BE54-9A1E7A4F7556}") = "Dot.Net.DevFast", "Dot.Net.DevFast\Dot.Net.DevFast.csproj", "{10529488-FEA6-4525-A4EE-79B78262DDF8}"
EndProject
Project("{9A19103F-16F7-4668-BE54-9A1E7A4F7556}") = "Dot.Net.DevFast.Tests", "Dot.Net.DevFast.Tests\Dot.Net.DevFast.Tests.csproj", "{D3DE3F79-B328-4690-8518-0AF21EECF507}"
EndProject
Global
	GlobalSection(SolutionConfigurationPlatforms) = preSolution
		Debug|Any CPU = Debug|Any CPU
		Release|Any CPU = Release|Any CPU
	EndGlobalSection
	GlobalSection(ProjectConfigurationPlatforms) = postSolution
		{10529488-FEA6-4525-A4EE-79B78262DDF8}.Debug|Any CPU.ActiveCfg = Debug|Any CPU
		{10529488-FEA6-4525-A4EE-79B78262DDF8}.Debug|Any CPU.Build.0 = Debug|Any CPU
		{10529488-FEA6-4525-A4EE-79B78262DDF8}.Release|Any CPU.ActiveCfg = Release|Any CPU
		{10529488-FEA6-4525-A4EE-79B78262DDF8}.Release|Any CPU.Build.0 = Release|Any CPU
		{D3DE3F79-B328-4690-8518-0AF21EECF507}.Debug|Any CPU.ActiveCfg = Debug|Any CPU
		{D3DE3F79-B328-4690-8518-0AF21EECF507}.Debug|Any CPU.Build.0 = Debug|Any CPU
		{D3DE3F79-B328-4690-8518-0AF21EECF507}.Release|Any CPU.ActiveCfg = Release|Any CPU
		{D3DE3F79-B328-4690-8518-0AF21EECF507}.Release|Any CPU.Build.0 = Release|Any CPU
	EndGlobalSection
	GlobalSection(SolutionProperties) = preSolution
		HideSolutionNode = FALSE
	EndGlobalSection
	GlobalSection(ExtensibilityGlobals) = postSolution
		SolutionGuid = {9FFB97B8-9A9F-4218-A95D-269F6606A195}
	EndGlobalSection
EndGlobal
