
Microsoft Visual Studio Solution File, Format Version 12.00
# Visual Studio 15
VisualStudioVersion = 15.0.26430.15
MinimumVisualStudioVersion = 10.0.40219.1
Project("{FAE04EC0-301F-11D3-BF4B-00C04F79EFBC}") = "Dot.Net.DevFast", "Dot.Net.DevFast\Dot.Net.DevFast.csproj", "{0B04F32D-FE9C-4A86-8C30-4A9ECBA2DD4A}"
EndProject
Project("{FAE04EC0-301F-11D3-BF4B-00C04F79EFBC}") = "Dot.Net.DevFast.Tests", "Dot.Net.DevFast.Tests\Dot.Net.DevFast.Tests.csproj", "{C1FABD0E-B4FC-4E57-BB94-75E7EAF78644}"
EndProject
Global
	GlobalSection(SolutionConfigurationPlatforms) = preSolution
		Debug|Any CPU = Debug|Any CPU
		Release|Any CPU = Release|Any CPU
	EndGlobalSection
	GlobalSection(ProjectConfigurationPlatforms) = postSolution
		{0B04F32D-FE9C-4A86-8C30-4A9ECBA2DD4A}.Debug|Any CPU.ActiveCfg = Debug|Any CPU
		{0B04F32D-FE9C-4A86-8C30-4A9ECBA2DD4A}.Debug|Any CPU.Build.0 = Debug|Any CPU
		{0B04F32D-FE9C-4A86-8C30-4A9ECBA2DD4A}.Release|Any CPU.ActiveCfg = Release|Any CPU
		{0B04F32D-FE9C-4A86-8C30-4A9ECBA2DD4A}.Release|Any CPU.Build.0 = Release|Any CPU
		{C1FABD0E-B4FC-4E57-BB94-75E7EAF78644}.Debug|Any CPU.ActiveCfg = Debug|Any CPU
		{C1FABD0E-B4FC-4E57-BB94-75E7EAF78644}.Debug|Any CPU.Build.0 = Debug|Any CPU
		{C1FABD0E-B4FC-4E57-BB94-75E7EAF78644}.Release|Any CPU.ActiveCfg = Release|Any CPU
		{C1FABD0E-B4FC-4E57-BB94-75E7EAF78644}.Release|Any CPU.Build.0 = Release|Any CPU
	EndGlobalSection
	GlobalSection(SolutionProperties) = preSolution
		HideSolutionNode = FALSE
	EndGlobalSection
EndGlobal
